
Microsoft Visual Studio Solution File, Format Version 12.00
# Visual Studio Version 16
VisualStudioVersion = 16.0.30717.126
MinimumVisualStudioVersion = 10.0.40219.1
Project("{FAE04EC0-301F-11D3-BF4B-00C04F79EFBC}") = "GUI_Prolog", "GUI_Prolog\GUI_Prolog.csproj", "{9532BC8B-3AF1-41A7-8C15-79EF0BC2543D}"
EndProject
Global
	GlobalSection(SolutionConfigurationPlatforms) = preSolution
		Debug|Any CPU = Debug|Any CPU
		Release|Any CPU = Release|Any CPU
	EndGlobalSection
	GlobalSection(ProjectConfigurationPlatforms) = postSolution
		{9532BC8B-3AF1-41A7-8C15-79EF0BC2543D}.Debug|Any CPU.ActiveCfg = Debug|Any CPU
		{9532BC8B-3AF1-41A7-8C15-79EF0BC2543D}.Debug|Any CPU.Build.0 = Debug|Any CPU
		{9532BC8B-3AF1-41A7-8C15-79EF0BC2543D}.Release|Any CPU.ActiveCfg = Release|Any CPU
		{9532BC8B-3AF1-41A7-8C15-79EF0BC2543D}.Release|Any CPU.Build.0 = Release|Any CPU
	EndGlobalSection
	GlobalSection(SolutionProperties) = preSolution
		HideSolutionNode = FALSE
	EndGlobalSection
	GlobalSection(ExtensibilityGlobals) = postSolution
		SolutionGuid = {AE325870-ED56-4E5F-8BD0-10B10D7B6CA2}
	EndGlobalSection
EndGlobal
